// !$*UTF8*$!
{
	archiveVersion = 1;
	classes = {
	};
	objectVersion = 46;
	objects = {

/* Begin PBXBuildFile section */
		D815289B1CF6FAD10021DD3C /* README.md in Sources */ = {isa = PBXBuildFile; fileRef = D815289A1CF6FAD10021DD3C /* README.md */; };
		D8C434D91CF6D05D002000DC /* AppDelegate.swift in Sources */ = {isa = PBXBuildFile; fileRef = D8C434D81CF6D05D002000DC /* AppDelegate.swift */; };
		D8C434DB1CF6D05D002000DC /* ViewController.swift in Sources */ = {isa = PBXBuildFile; fileRef = D8C434DA1CF6D05D002000DC /* ViewController.swift */; };
		D8C434DE1CF6D05D002000DC /* Main.storyboard in Resources */ = {isa = PBXBuildFile; fileRef = D8C434DC1CF6D05D002000DC /* Main.storyboard */; };
		D8C434E01CF6D05D002000DC /* Assets.xcassets in Resources */ = {isa = PBXBuildFile; fileRef = D8C434DF1CF6D05D002000DC /* Assets.xcassets */; };
		D8C434E31CF6D05D002000DC /* LaunchScreen.storyboard in Resources */ = {isa = PBXBuildFile; fileRef = D8C434E11CF6D05D002000DC /* LaunchScreen.storyboard */; };
		D8C434EE1CF6D05D002000DC /* HelloSwiftiOSAppTests.swift in Sources */ = {isa = PBXBuildFile; fileRef = D8C434ED1CF6D05D002000DC /* HelloSwiftiOSAppTests.swift */; };
		D8C434F91CF6D05D002000DC /* HelloSwiftiOSAppUITests.swift in Sources */ = {isa = PBXBuildFile; fileRef = D8C434F81CF6D05D002000DC /* HelloSwiftiOSAppUITests.swift */; };
/* End PBXBuildFile section */

/* Begin PBXContainerItemProxy section */
		D8C434EA1CF6D05D002000DC /* PBXContainerItemProxy */ = {
			isa = PBXContainerItemProxy;
			containerPortal = D8C434CD1CF6D05D002000DC /* Project object */;
			proxyType = 1;
			remoteGlobalIDString = D8C434D41CF6D05D002000DC;
			remoteInfo = HelloSwiftiOSApp;
		};
		D8C434F51CF6D05D002000DC /* PBXContainerItemProxy */ = {
			isa = PBXContainerItemProxy;
			containerPortal = D8C434CD1CF6D05D002000DC /* Project object */;
			proxyType = 1;
			remoteGlobalIDString = D8C434D41CF6D05D002000DC;
			remoteInfo = HelloSwiftiOSApp;
		};
/* End PBXContainerItemProxy section */

/* Begin PBXFileReference section */
		D815289A1CF6FAD10021DD3C /* README.md */ = {isa = PBXFileReference; fileEncoding = 4; lastKnownFileType = net.daringfireball.markdown; path = README.md; sourceTree = "<group>"; };
		D8C434D51CF6D05D002000DC /* HelloSwiftiOSApp.app */ = {isa = PBXFileReference; explicitFileType = wrapper.application; includeInIndex = 0; path = HelloSwiftiOSApp.app; sourceTree = BUILT_PRODUCTS_DIR; };
		D8C434D81CF6D05D002000DC /* AppDelegate.swift */ = {isa = PBXFileReference; lastKnownFileType = sourcecode.swift; path = AppDelegate.swift; sourceTree = "<group>"; };
		D8C434DA1CF6D05D002000DC /* ViewController.swift */ = {isa = PBXFileReference; lastKnownFileType = sourcecode.swift; path = ViewController.swift; sourceTree = "<group>"; };
		D8C434DD1CF6D05D002000DC /* Base */ = {isa = PBXFileReference; lastKnownFileType = file.storyboard; name = Base; path = Base.lproj/Main.storyboard; sourceTree = "<group>"; };
		D8C434DF1CF6D05D002000DC /* Assets.xcassets */ = {isa = PBXFileReference; lastKnownFileType = folder.assetcatalog; path = Assets.xcassets; sourceTree = "<group>"; };
		D8C434E21CF6D05D002000DC /* Base */ = {isa = PBXFileReference; lastKnownFileType = file.storyboard; name = Base; path = Base.lproj/LaunchScreen.storyboard; sourceTree = "<group>"; };
		D8C434E41CF6D05D002000DC /* Info.plist */ = {isa = PBXFileReference; lastKnownFileType = text.plist.xml; path = Info.plist; sourceTree = "<group>"; };
		D8C434E91CF6D05D002000DC /* HelloSwiftiOSAppTests.xctest */ = {isa = PBXFileReference; explicitFileType = wrapper.cfbundle; includeInIndex = 0; path = HelloSwiftiOSAppTests.xctest; sourceTree = BUILT_PRODUCTS_DIR; };
		D8C434ED1CF6D05D002000DC /* HelloSwiftiOSAppTests.swift */ = {isa = PBXFileReference; lastKnownFileType = sourcecode.swift; path = HelloSwiftiOSAppTests.swift; sourceTree = "<group>"; };
		D8C434EF1CF6D05D002000DC /* Info.plist */ = {isa = PBXFileReference; lastKnownFileType = text.plist.xml; path = Info.plist; sourceTree = "<group>"; };
		D8C434F41CF6D05D002000DC /* HelloSwiftiOSAppUITests.xctest */ = {isa = PBXFileReference; explicitFileType = wrapper.cfbundle; includeInIndex = 0; path = HelloSwiftiOSAppUITests.xctest; sourceTree = BUILT_PRODUCTS_DIR; };
		D8C434F81CF6D05D002000DC /* HelloSwiftiOSAppUITests.swift */ = {isa = PBXFileReference; lastKnownFileType = sourcecode.swift; path = HelloSwiftiOSAppUITests.swift; sourceTree = "<group>"; };
		D8C434FA1CF6D05D002000DC /* Info.plist */ = {isa = PBXFileReference; lastKnownFileType = text.plist.xml; path = Info.plist; sourceTree = "<group>"; };
/* End PBXFileReference section */

/* Begin PBXFrameworksBuildPhase section */
		D8C434D21CF6D05D002000DC /* Frameworks */ = {
			isa = PBXFrameworksBuildPhase;
			buildActionMask = 2147483647;
			files = (
			);
			runOnlyForDeploymentPostprocessing = 0;
		};
		D8C434E61CF6D05D002000DC /* Frameworks */ = {
			isa = PBXFrameworksBuildPhase;
			buildActionMask = 2147483647;
			files = (
			);
			runOnlyForDeploymentPostprocessing = 0;
		};
		D8C434F11CF6D05D002000DC /* Frameworks */ = {
			isa = PBXFrameworksBuildPhase;
			buildActionMask = 2147483647;
			files = (
			);
			runOnlyForDeploymentPostprocessing = 0;
		};
/* End PBXFrameworksBuildPhase section */

/* Begin PBXGroup section */
		D8C434CC1CF6D05D002000DC = {
			isa = PBXGroup;
			children = (
				D815289A1CF6FAD10021DD3C /* README.md */,
				D8C434D71CF6D05D002000DC /* HelloSwiftiOSApp */,
				D8C434EC1CF6D05D002000DC /* HelloSwiftiOSAppTests */,
				D8C434F71CF6D05D002000DC /* HelloSwiftiOSAppUITests */,
				D8C434D61CF6D05D002000DC /* Products */,
			);
			sourceTree = "<group>";
		};
		D8C434D61CF6D05D002000DC /* Products */ = {
			isa = PBXGroup;
			children = (
				D8C434D51CF6D05D002000DC /* HelloSwiftiOSApp.app */,
				D8C434E91CF6D05D002000DC /* HelloSwiftiOSAppTests.xctest */,
				D8C434F41CF6D05D002000DC /* HelloSwiftiOSAppUITests.xctest */,
			);
			name = Products;
			sourceTree = "<group>";
		};
		D8C434D71CF6D05D002000DC /* HelloSwiftiOSApp */ = {
			isa = PBXGroup;
			children = (
				D8C434D81CF6D05D002000DC /* AppDelegate.swift */,
				D8C434DA1CF6D05D002000DC /* ViewController.swift */,
				D8C434DC1CF6D05D002000DC /* Main.storyboard */,
				D8C434DF1CF6D05D002000DC /* Assets.xcassets */,
				D8C434E11CF6D05D002000DC /* LaunchScreen.storyboard */,
				D8C434E41CF6D05D002000DC /* Info.plist */,
			);
			path = HelloSwiftiOSApp;
			sourceTree = "<group>";
		};
		D8C434EC1CF6D05D002000DC /* HelloSwiftiOSAppTests */ = {
			isa = PBXGroup;
			children = (
				D8C434ED1CF6D05D002000DC /* HelloSwiftiOSAppTests.swift */,
				D8C434EF1CF6D05D002000DC /* Info.plist */,
			);
			path = HelloSwiftiOSAppTests;
			sourceTree = "<group>";
		};
		D8C434F71CF6D05D002000DC /* HelloSwiftiOSAppUITests */ = {
			isa = PBXGroup;
			children = (
				D8C434F81CF6D05D002000DC /* HelloSwiftiOSAppUITests.swift */,
				D8C434FA1CF6D05D002000DC /* Info.plist */,
			);
			path = HelloSwiftiOSAppUITests;
			sourceTree = "<group>";
		};
/* End PBXGroup section */

/* Begin PBXNativeTarget section */
		D8C434D41CF6D05D002000DC /* HelloSwiftiOSApp */ = {
			isa = PBXNativeTarget;
			buildConfigurationList = D8C434FD1CF6D05D002000DC /* Build configuration list for PBXNativeTarget "HelloSwiftiOSApp" */;
			buildPhases = (
				D8C434D11CF6D05D002000DC /* Sources */,
				D8C434D21CF6D05D002000DC /* Frameworks */,
				D8C434D31CF6D05D002000DC /* Resources */,
			);
			buildRules = (
			);
			dependencies = (
			);
			name = HelloSwiftiOSApp;
			productName = HelloSwiftiOSApp;
			productReference = D8C434D51CF6D05D002000DC /* HelloSwiftiOSApp.app */;
			productType = "com.apple.product-type.application";
		};
		D8C434E81CF6D05D002000DC /* HelloSwiftiOSAppTests */ = {
			isa = PBXNativeTarget;
			buildConfigurationList = D8C435001CF6D05D002000DC /* Build configuration list for PBXNativeTarget "HelloSwiftiOSAppTests" */;
			buildPhases = (
				D8C434E51CF6D05D002000DC /* Sources */,
				D8C434E61CF6D05D002000DC /* Frameworks */,
				D8C434E71CF6D05D002000DC /* Resources */,
			);
			buildRules = (
			);
			dependencies = (
				D8C434EB1CF6D05D002000DC /* PBXTargetDependency */,
			);
			name = HelloSwiftiOSAppTests;
			productName = HelloSwiftiOSAppTests;
			productReference = D8C434E91CF6D05D002000DC /* HelloSwiftiOSAppTests.xctest */;
			productType = "com.apple.product-type.bundle.unit-test";
		};
		D8C434F31CF6D05D002000DC /* HelloSwiftiOSAppUITests */ = {
			isa = PBXNativeTarget;
			buildConfigurationList = D8C435031CF6D05D002000DC /* Build configuration list for PBXNativeTarget "HelloSwiftiOSAppUITests" */;
			buildPhases = (
				D8C434F01CF6D05D002000DC /* Sources */,
				D8C434F11CF6D05D002000DC /* Frameworks */,
				D8C434F21CF6D05D002000DC /* Resources */,
			);
			buildRules = (
			);
			dependencies = (
				D8C434F61CF6D05D002000DC /* PBXTargetDependency */,
			);
			name = HelloSwiftiOSAppUITests;
			productName = HelloSwiftiOSAppUITests;
			productReference = D8C434F41CF6D05D002000DC /* HelloSwiftiOSAppUITests.xctest */;
			productType = "com.apple.product-type.bundle.ui-testing";
		};
/* End PBXNativeTarget section */

/* Begin PBXProject section */
		D8C434CD1CF6D05D002000DC /* Project object */ = {
			isa = PBXProject;
			attributes = {
				LastSwiftUpdateCheck = 0730;
				LastUpgradeCheck = 0730;
				ORGANIZATIONNAME = trileg.net;
				TargetAttributes = {
					D8C434D41CF6D05D002000DC = {
						CreatedOnToolsVersion = 7.3;
						DevelopmentTeam = 2K5FM9X3R7;
					};
					D8C434E81CF6D05D002000DC = {
						CreatedOnToolsVersion = 7.3;
						TestTargetID = D8C434D41CF6D05D002000DC;
					};
					D8C434F31CF6D05D002000DC = {
						CreatedOnToolsVersion = 7.3;
						TestTargetID = D8C434D41CF6D05D002000DC;
					};
				};
			};
			buildConfigurationList = D8C434D01CF6D05D002000DC /* Build configuration list for PBXProject "HelloSwiftiOSApp" */;
			compatibilityVersion = "Xcode 3.2";
			developmentRegion = English;
			hasScannedForEncodings = 0;
			knownRegions = (
				en,
				Base,
			);
			mainGroup = D8C434CC1CF6D05D002000DC;
			productRefGroup = D8C434D61CF6D05D002000DC /* Products */;
			projectDirPath = "";
			projectRoot = "";
			targets = (
				D8C434D41CF6D05D002000DC /* HelloSwiftiOSApp */,
				D8C434E81CF6D05D002000DC /* HelloSwiftiOSAppTests */,
				D8C434F31CF6D05D002000DC /* HelloSwiftiOSAppUITests */,
			);
		};
/* End PBXProject section */

/* Begin PBXResourcesBuildPhase section */
		D8C434D31CF6D05D002000DC /* Resources */ = {
			isa = PBXResourcesBuildPhase;
			buildActionMask = 2147483647;
			files = (
				D8C434E31CF6D05D002000DC /* LaunchScreen.storyboard in Resources */,
				D8C434E01CF6D05D002000DC /* Assets.xcassets in Resources */,
				D8C434DE1CF6D05D002000DC /* Main.storyboard in Resources */,
			);
			runOnlyForDeploymentPostprocessing = 0;
		};
		D8C434E71CF6D05D002000DC /* Resources */ = {
			isa = PBXResourcesBuildPhase;
			buildActionMask = 2147483647;
			files = (
			);
			runOnlyForDeploymentPostprocessing = 0;
		};
		D8C434F21CF6D05D002000DC /* Resources */ = {
			isa = PBXResourcesBuildPhase;
			buildActionMask = 2147483647;
			files = (
			);
			runOnlyForDeploymentPostprocessing = 0;
		};
/* End PBXResourcesBuildPhase section */

/* Begin PBXSourcesBuildPhase section */
		D8C434D11CF6D05D002000DC /* Sources */ = {
			isa = PBXSourcesBuildPhase;
			buildActionMask = 2147483647;
			files = (
				D815289B1CF6FAD10021DD3C /* README.md in Sources */,
				D8C434DB1CF6D05D002000DC /* ViewController.swift in Sources */,
				D8C434D91CF6D05D002000DC /* AppDelegate.swift in Sources */,
			);
			runOnlyForDeploymentPostprocessing = 0;
		};
		D8C434E51CF6D05D002000DC /* Sources */ = {
			isa = PBXSourcesBuildPhase;
			buildActionMask = 2147483647;
			files = (
				D8C434EE1CF6D05D002000DC /* HelloSwiftiOSAppTests.swift in Sources */,
			);
			runOnlyForDeploymentPostprocessing = 0;
		};
		D8C434F01CF6D05D002000DC /* Sources */ = {
			isa = PBXSourcesBuildPhase;
			buildActionMask = 2147483647;
			files = (
				D8C434F91CF6D05D002000DC /* HelloSwiftiOSAppUITests.swift in Sources */,
			);
			runOnlyForDeploymentPostprocessing = 0;
		};
/* End PBXSourcesBuildPhase section */

/* Begin PBXTargetDependency section */
		D8C434EB1CF6D05D002000DC /* PBXTargetDependency */ = {
			isa = PBXTargetDependency;
			target = D8C434D41CF6D05D002000DC /* HelloSwiftiOSApp */;
			targetProxy = D8C434EA1CF6D05D002000DC /* PBXContainerItemProxy */;
		};
		D8C434F61CF6D05D002000DC /* PBXTargetDependency */ = {
			isa = PBXTargetDependency;
			target = D8C434D41CF6D05D002000DC /* HelloSwiftiOSApp */;
			targetProxy = D8C434F51CF6D05D002000DC /* PBXContainerItemProxy */;
		};
/* End PBXTargetDependency section */

/* Begin PBXVariantGroup section */
		D8C434DC1CF6D05D002000DC /* Main.storyboard */ = {
			isa = PBXVariantGroup;
			children = (
				D8C434DD1CF6D05D002000DC /* Base */,
			);
			name = Main.storyboard;
			sourceTree = "<group>";
		};
		D8C434E11CF6D05D002000DC /* LaunchScreen.storyboard */ = {
			isa = PBXVariantGroup;
			children = (
				D8C434E21CF6D05D002000DC /* Base */,
			);
			name = LaunchScreen.storyboard;
			sourceTree = "<group>";
		};
/* End PBXVariantGroup section */

/* Begin XCBuildConfiguration section */
		D8C434FB1CF6D05D002000DC /* Debug */ = {
			isa = XCBuildConfiguration;
			buildSettings = {
				ALWAYS_SEARCH_USER_PATHS = NO;
				CLANG_ANALYZER_NONNULL = YES;
				CLANG_CXX_LANGUAGE_STANDARD = "gnu++0x";
				CLANG_CXX_LIBRARY = "libc++";
				CLANG_ENABLE_MODULES = YES;
				CLANG_ENABLE_OBJC_ARC = YES;
				CLANG_WARN_BOOL_CONVERSION = YES;
				CLANG_WARN_CONSTANT_CONVERSION = YES;
				CLANG_WARN_DIRECT_OBJC_ISA_USAGE = YES_ERROR;
				CLANG_WARN_EMPTY_BODY = YES;
				CLANG_WARN_ENUM_CONVERSION = YES;
				CLANG_WARN_INT_CONVERSION = YES;
				CLANG_WARN_OBJC_ROOT_CLASS = YES_ERROR;
				CLANG_WARN_UNREACHABLE_CODE = YES;
				CLANG_WARN__DUPLICATE_METHOD_MATCH = YES;
				"CODE_SIGN_IDENTITY[sdk=iphoneos*]" = "iPhone Developer";
				COPY_PHASE_STRIP = NO;
				DEBUG_INFORMATION_FORMAT = dwarf;
				ENABLE_STRICT_OBJC_MSGSEND = YES;
				ENABLE_TESTABILITY = YES;
				GCC_C_LANGUAGE_STANDARD = gnu99;
				GCC_DYNAMIC_NO_PIC = NO;
				GCC_NO_COMMON_BLOCKS = YES;
				GCC_OPTIMIZATION_LEVEL = 0;
				GCC_PREPROCESSOR_DEFINITIONS = (
					"DEBUG=1",
					"$(inherited)",
				);
				GCC_WARN_64_TO_32_BIT_CONVERSION = YES;
				GCC_WARN_ABOUT_RETURN_TYPE = YES_ERROR;
				GCC_WARN_UNDECLARED_SELECTOR = YES;
				GCC_WARN_UNINITIALIZED_AUTOS = YES_AGGRESSIVE;
				GCC_WARN_UNUSED_FUNCTION = YES;
				GCC_WARN_UNUSED_VARIABLE = YES;
				IPHONEOS_DEPLOYMENT_TARGET = 9.3;
				MTL_ENABLE_DEBUG_INFO = YES;
				ONLY_ACTIVE_ARCH = YES;
				SDKROOT = iphoneos;
				SWIFT_OPTIMIZATION_LEVEL = "-Onone";
			};
			name = Debug;
		};
		D8C434FC1CF6D05D002000DC /* Release */ = {
			isa = XCBuildConfiguration;
			buildSettings = {
				ALWAYS_SEARCH_USER_PATHS = NO;
				CLANG_ANALYZER_NONNULL = YES;
				CLANG_CXX_LANGUAGE_STANDARD = "gnu++0x";
				CLANG_CXX_LIBRARY = "libc++";
				CLANG_ENABLE_MODULES = YES;
				CLANG_ENABLE_OBJC_ARC = YES;
				CLANG_WARN_BOOL_CONVERSION = YES;
				CLANG_WARN_CONSTANT_CONVERSION = YES;
				CLANG_WARN_DIRECT_OBJC_ISA_USAGE = YES_ERROR;
				CLANG_WARN_EMPTY_BODY = YES;
				CLANG_WARN_ENUM_CONVERSION = YES;
				CLANG_WARN_INT_CONVERSION = YES;
				CLANG_WARN_OBJC_ROOT_CLASS = YES_ERROR;
				CLANG_WARN_UNREACHABLE_CODE = YES;
				CLANG_WARN__DUPLICATE_METHOD_MATCH = YES;
				"CODE_SIGN_IDENTITY[sdk=iphoneos*]" = "iPhone Developer";
				COPY_PHASE_STRIP = NO;
				DEBUG_INFORMATION_FORMAT = "dwarf-with-dsym";
				ENABLE_NS_ASSERTIONS = NO;
				ENABLE_STRICT_OBJC_MSGSEND = YES;
				GCC_C_LANGUAGE_STANDARD = gnu99;
				GCC_NO_COMMON_BLOCKS = YES;
				GCC_WARN_64_TO_32_BIT_CONVERSION = YES;
				GCC_WARN_ABOUT_RETURN_TYPE = YES_ERROR;
				GCC_WARN_UNDECLARED_SELECTOR = YES;
				GCC_WARN_UNINITIALIZED_AUTOS = YES_AGGRESSIVE;
				GCC_WARN_UNUSED_FUNCTION = YES;
				GCC_WARN_UNUSED_VARIABLE = YES;
				IPHONEOS_DEPLOYMENT_TARGET = 9.3;
				MTL_ENABLE_DEBUG_INFO = NO;
				SDKROOT = iphoneos;
				VALIDATE_PRODUCT = YES;
			};
			name = Release;
		};
		D8C434FE1CF6D05D002000DC /* Debug */ = {
			isa = XCBuildConfiguration;
			buildSettings = {
				ASSETCATALOG_COMPILER_APPICON_NAME = AppIcon;
				CODE_SIGN_IDENTITY = "iPhone Developer";
				"CODE_SIGN_IDENTITY[sdk=iphoneos*]" = "iPhone Developer";
				INFOPLIST_FILE = HelloSwiftiOSApp/Info.plist;
				LD_RUNPATH_SEARCH_PATHS = "$(inherited) @executable_path/Frameworks";
				PRODUCT_BUNDLE_IDENTIFIER = net.trileg.HelloSwiftiOSApp;
				PRODUCT_NAME = "$(TARGET_NAME)";
				PROVISIONING_PROFILE = "";
			};
			name = Debug;
		};
		D8C434FF1CF6D05D002000DC /* Release */ = {
			isa = XCBuildConfiguration;
			buildSettings = {
				ASSETCATALOG_COMPILER_APPICON_NAME = AppIcon;
				CODE_SIGN_IDENTITY = "iPhone Developer";
				"CODE_SIGN_IDENTITY[sdk=iphoneos*]" = "iPhone Developer";
				INFOPLIST_FILE = HelloSwiftiOSApp/Info.plist;
				LD_RUNPATH_SEARCH_PATHS = "$(inherited) @executable_path/Frameworks";
				PRODUCT_BUNDLE_IDENTIFIER = net.trileg.HelloSwiftiOSApp;
				PRODUCT_NAME = "$(TARGET_NAME)";
				PROVISIONING_PROFILE = "";
			};
			name = Release;
		};
		D8C435011CF6D05D002000DC /* Debug */ = {
			isa = XCBuildConfiguration;
			buildSettings = {
				BUNDLE_LOADER = "$(TEST_HOST)";
				INFOPLIST_FILE = HelloSwiftiOSAppTests/Info.plist;
				LD_RUNPATH_SEARCH_PATHS = "$(inherited) @executable_path/Frameworks @loader_path/Frameworks";
				PRODUCT_BUNDLE_IDENTIFIER = net.trileg.HelloSwiftiOSAppTests;
				PRODUCT_NAME = "$(TARGET_NAME)";
				TEST_HOST = "$(BUILT_PRODUCTS_DIR)/HelloSwiftiOSApp.app/HelloSwiftiOSApp";
			};
			name = Debug;
		};
		D8C435021CF6D05D002000DC /* Release */ = {
			isa = XCBuildConfiguration;
			buildSettings = {
				BUNDLE_LOADER = "$(TEST_HOST)";
				INFOPLIST_FILE = HelloSwiftiOSAppTests/Info.plist;
				LD_RUNPATH_SEARCH_PATHS = "$(inherited) @executable_path/Frameworks @loader_path/Frameworks";
				PRODUCT_BUNDLE_IDENTIFIER = net.trileg.HelloSwiftiOSAppTests;
				PRODUCT_NAME = "$(TARGET_NAME)";
				TEST_HOST = "$(BUILT_PRODUCTS_DIR)/HelloSwiftiOSApp.app/HelloSwiftiOSApp";
			};
			name = Release;
		};
		D8C435041CF6D05D002000DC /* Debug */ = {
			isa = XCBuildConfiguration;
			buildSettings = {
				INFOPLIST_FILE = HelloSwiftiOSAppUITests/Info.plist;
				LD_RUNPATH_SEARCH_PATHS = "$(inherited) @executable_path/Frameworks @loader_path/Frameworks";
				PRODUCT_BUNDLE_IDENTIFIER = net.trileg.HelloSwiftiOSAppUITests;
				PRODUCT_NAME = "$(TARGET_NAME)";
				TEST_TARGET_NAME = HelloSwiftiOSApp;
			};
			name = Debug;
		};
		D8C435051CF6D05D002000DC /* Release */ = {
			isa = XCBuildConfiguration;
			buildSettings = {
				INFOPLIST_FILE = HelloSwiftiOSAppUITests/Info.plist;
				LD_RUNPATH_SEARCH_PATHS = "$(inherited) @executable_path/Frameworks @loader_path/Frameworks";
				PRODUCT_BUNDLE_IDENTIFIER = net.trileg.HelloSwiftiOSAppUITests;
				PRODUCT_NAME = "$(TARGET_NAME)";
				TEST_TARGET_NAME = HelloSwiftiOSApp;
			};
			name = Release;
		};
/* End XCBuildConfiguration section */

/* Begin XCConfigurationList section */
		D8C434D01CF6D05D002000DC /* Build configuration list for PBXProject "HelloSwiftiOSApp" */ = {
			isa = XCConfigurationList;
			buildConfigurations = (
				D8C434FB1CF6D05D002000DC /* Debug */,
				D8C434FC1CF6D05D002000DC /* Release */,
			);
			defaultConfigurationIsVisible = 0;
			defaultConfigurationName = Release;
		};
		D8C434FD1CF6D05D002000DC /* Build configuration list for PBXNativeTarget "HelloSwiftiOSApp" */ = {
			isa = XCConfigurationList;
			buildConfigurations = (
				D8C434FE1CF6D05D002000DC /* Debug */,
				D8C434FF1CF6D05D002000DC /* Release */,
			);
			defaultConfigurationIsVisible = 0;
			defaultConfigurationName = Release;
		};
		D8C435001CF6D05D002000DC /* Build configuration list for PBXNativeTarget "HelloSwiftiOSAppTests" */ = {
			isa = XCConfigurationList;
			buildConfigurations = (
				D8C435011CF6D05D002000DC /* Debug */,
				D8C435021CF6D05D002000DC /* Release */,
			);
			defaultConfigurationIsVisible = 0;
			defaultConfigurationName = Release;
		};
		D8C435031CF6D05D002000DC /* Build configuration list for PBXNativeTarget "HelloSwiftiOSAppUITests" */ = {
			isa = XCConfigurationList;
			buildConfigurations = (
				D8C435041CF6D05D002000DC /* Debug */,
				D8C435051CF6D05D002000DC /* Release */,
			);
			defaultConfigurationIsVisible = 0;
			defaultConfigurationName = Release;
		};
/* End XCConfigurationList section */
	};
	rootObject = D8C434CD1CF6D05D002000DC /* Project object */;
}
